
Microsoft Visual Studio Solution File, Format Version 12.00
# Visual Studio 15
VisualStudioVersion = 15.0.26430.16
MinimumVisualStudioVersion = 10.0.40219.1
Project("{FAE04EC0-301F-11D3-BF4B-00C04F79EFBC}") = "PlayersService", "PlayersService\PlayersService.csproj", "{714C9B00-9392-4F2A-872C-3FE575A23D12}"
EndProject
Project("{FAE04EC0-301F-11D3-BF4B-00C04F79EFBC}") = "PlayersService.Tests", "PlayersService.Tests\PlayersService.Tests.csproj", "{3F602AB5-05E8-4A2D-B84A-F76EE07BE5EE}"
EndProject
Project("{2150E333-8FDC-42A3-9474-1A3956D46DE8}") = "Solution Items", "Solution Items", "{FCAB0D9D-7F36-4A0A-8FD2-8CD7698B8DBB}"
	ProjectSection(SolutionItems) = preProject
		appveyor.yml = appveyor.yml
		NuGet.Config = NuGet.Config
		README.md = README.md
	EndProjectSection
EndProject
Project("{930C7802-8A8C-48F9-8165-68863BCCD9DD}") = "InstallerMM", "InstallerMM\InstallerMM.wixproj", "{29822A3A-CFDB-4A20-B5F5-724A763548C1}"
EndProject
Project("{930C7802-8A8C-48F9-8165-68863BCCD9DD}") = "Installer", "Installer\Installer.wixproj", "{BCF56BEC-495F-4DF3-88E4-9A11DA171676}"
EndProject
Global
	GlobalSection(SolutionConfigurationPlatforms) = preSolution
		Debug|Any CPU = Debug|Any CPU
		Release|Any CPU = Release|Any CPU
	EndGlobalSection
	GlobalSection(ProjectConfigurationPlatforms) = postSolution
		{714C9B00-9392-4F2A-872C-3FE575A23D12}.Debug|Any CPU.ActiveCfg = Debug|Any CPU
		{714C9B00-9392-4F2A-872C-3FE575A23D12}.Debug|Any CPU.Build.0 = Debug|Any CPU
		{714C9B00-9392-4F2A-872C-3FE575A23D12}.Release|Any CPU.ActiveCfg = Release|Any CPU
		{714C9B00-9392-4F2A-872C-3FE575A23D12}.Release|Any CPU.Build.0 = Release|Any CPU
		{3F602AB5-05E8-4A2D-B84A-F76EE07BE5EE}.Debug|Any CPU.ActiveCfg = Debug|Any CPU
		{3F602AB5-05E8-4A2D-B84A-F76EE07BE5EE}.Debug|Any CPU.Build.0 = Debug|Any CPU
		{3F602AB5-05E8-4A2D-B84A-F76EE07BE5EE}.Release|Any CPU.ActiveCfg = Release|Any CPU
		{3F602AB5-05E8-4A2D-B84A-F76EE07BE5EE}.Release|Any CPU.Build.0 = Release|Any CPU
		{29822A3A-CFDB-4A20-B5F5-724A763548C1}.Debug|Any CPU.ActiveCfg = Debug|x86
		{29822A3A-CFDB-4A20-B5F5-724A763548C1}.Debug|Any CPU.Build.0 = Debug|x86
		{29822A3A-CFDB-4A20-B5F5-724A763548C1}.Release|Any CPU.ActiveCfg = Release|x86
		{29822A3A-CFDB-4A20-B5F5-724A763548C1}.Release|Any CPU.Build.0 = Release|x86
		{BCF56BEC-495F-4DF3-88E4-9A11DA171676}.Debug|Any CPU.ActiveCfg = Debug|x86
		{BCF56BEC-495F-4DF3-88E4-9A11DA171676}.Debug|Any CPU.Build.0 = Debug|x86
		{BCF56BEC-495F-4DF3-88E4-9A11DA171676}.Release|Any CPU.ActiveCfg = Release|x86
		{BCF56BEC-495F-4DF3-88E4-9A11DA171676}.Release|Any CPU.Build.0 = Release|x86
	EndGlobalSection
	GlobalSection(SolutionProperties) = preSolution
		HideSolutionNode = FALSE
	EndGlobalSection
EndGlobal
